
Microsoft Visual Studio Solution File, Format Version 12.00
# Visual Studio Version 16
VisualStudioVersion = 16.0.30517.126
MinimumVisualStudioVersion = 10.0.40219.1
Project("{FAE04EC0-301F-11D3-BF4B-00C04F79EFBC}") = "ProductShopTutorial", "ProductShopTutorial\ProductShopTutorial.csproj", "{5A78CEB4-74DE-46E1-8D6A-491FD52C93D5}"
EndProject
Global
	GlobalSection(SolutionConfigurationPlatforms) = preSolution
		Debug|Any CPU = Debug|Any CPU
		Release|Any CPU = Release|Any CPU
	EndGlobalSection
	GlobalSection(ProjectConfigurationPlatforms) = postSolution
		{5A78CEB4-74DE-46E1-8D6A-491FD52C93D5}.Debug|Any CPU.ActiveCfg = Debug|Any CPU
		{5A78CEB4-74DE-46E1-8D6A-491FD52C93D5}.Debug|Any CPU.Build.0 = Debug|Any CPU
		{5A78CEB4-74DE-46E1-8D6A-491FD52C93D5}.Release|Any CPU.ActiveCfg = Release|Any CPU
		{5A78CEB4-74DE-46E1-8D6A-491FD52C93D5}.Release|Any CPU.Build.0 = Release|Any CPU
	EndGlobalSection
	GlobalSection(SolutionProperties) = preSolution
		HideSolutionNode = FALSE
	EndGlobalSection
	GlobalSection(ExtensibilityGlobals) = postSolution
		SolutionGuid = {D3BD03C2-D91A-47EA-B841-48CCD4CDADB5}
	EndGlobalSection
EndGlobal
